
Microsoft Visual Studio Solution File, Format Version 12.00
# Visual Studio Version 16
VisualStudioVersion = 16.0.30804.86
MinimumVisualStudioVersion = 10.0.40219.1
Project("{FAE04EC0-301F-11D3-BF4B-00C04F79EFBC}") = "ATHCh04_MotorwayApp", "ATHCh04_MotorwayApp\ATHCh04_MotorwayApp.csproj", "{EEB916AA-A900-4868-8766-16743DED7561}"
EndProject
Global
	GlobalSection(SolutionConfigurationPlatforms) = preSolution
		Debug|Any CPU = Debug|Any CPU
		Release|Any CPU = Release|Any CPU
	EndGlobalSection
	GlobalSection(ProjectConfigurationPlatforms) = postSolution
		{EEB916AA-A900-4868-8766-16743DED7561}.Debug|Any CPU.ActiveCfg = Debug|Any CPU
		{EEB916AA-A900-4868-8766-16743DED7561}.Debug|Any CPU.Build.0 = Debug|Any CPU
		{EEB916AA-A900-4868-8766-16743DED7561}.Release|Any CPU.ActiveCfg = Release|Any CPU
		{EEB916AA-A900-4868-8766-16743DED7561}.Release|Any CPU.Build.0 = Release|Any CPU
	EndGlobalSection
	GlobalSection(SolutionProperties) = preSolution
		HideSolutionNode = FALSE
	EndGlobalSection
	GlobalSection(ExtensibilityGlobals) = postSolution
		SolutionGuid = {C6DCFB12-69BC-463D-8E9B-572872722DCE}
	EndGlobalSection
EndGlobal
