
Microsoft Visual Studio Solution File, Format Version 12.00
# Visual Studio Version 16
VisualStudioVersion = 16.0.30804.86
MinimumVisualStudioVersion = 10.0.40219.1
Project("{FAE04EC0-301F-11D3-BF4B-00C04F79EFBC}") = "ATHCh01Ex03_XOutput", "ATHCh01Ex03_XOutput\ATHCh01Ex03_XOutput.csproj", "{6FCC633E-6F5F-4693-954B-595D3751E8A3}"
EndProject
Global
	GlobalSection(SolutionConfigurationPlatforms) = preSolution
		Debug|Any CPU = Debug|Any CPU
		Release|Any CPU = Release|Any CPU
	EndGlobalSection
	GlobalSection(ProjectConfigurationPlatforms) = postSolution
		{6FCC633E-6F5F-4693-954B-595D3751E8A3}.Debug|Any CPU.ActiveCfg = Debug|Any CPU
		{6FCC633E-6F5F-4693-954B-595D3751E8A3}.Debug|Any CPU.Build.0 = Debug|Any CPU
		{6FCC633E-6F5F-4693-954B-595D3751E8A3}.Release|Any CPU.ActiveCfg = Release|Any CPU
		{6FCC633E-6F5F-4693-954B-595D3751E8A3}.Release|Any CPU.Build.0 = Release|Any CPU
	EndGlobalSection
	GlobalSection(SolutionProperties) = preSolution
		HideSolutionNode = FALSE
	EndGlobalSection
	GlobalSection(ExtensibilityGlobals) = postSolution
		SolutionGuid = {CF82E4AD-B185-4A94-AF30-78ED52D06EC0}
	EndGlobalSection
EndGlobal
