
Microsoft Visual Studio Solution File, Format Version 12.00
# Visual Studio Version 16
VisualStudioVersion = 16.0.30804.86
MinimumVisualStudioVersion = 10.0.40219.1
Project("{FAE04EC0-301F-11D3-BF4B-00C04F79EFBC}") = "ATHCh01Ex08_Stickman", "ATHCh01Ex08_Stickman\ATHCh01Ex08_Stickman.csproj", "{473719DE-F760-4205-AEF6-7A6BDCF84241}"
EndProject
Global
	GlobalSection(SolutionConfigurationPlatforms) = preSolution
		Debug|Any CPU = Debug|Any CPU
		Release|Any CPU = Release|Any CPU
	EndGlobalSection
	GlobalSection(ProjectConfigurationPlatforms) = postSolution
		{473719DE-F760-4205-AEF6-7A6BDCF84241}.Debug|Any CPU.ActiveCfg = Debug|Any CPU
		{473719DE-F760-4205-AEF6-7A6BDCF84241}.Debug|Any CPU.Build.0 = Debug|Any CPU
		{473719DE-F760-4205-AEF6-7A6BDCF84241}.Release|Any CPU.ActiveCfg = Release|Any CPU
		{473719DE-F760-4205-AEF6-7A6BDCF84241}.Release|Any CPU.Build.0 = Release|Any CPU
	EndGlobalSection
	GlobalSection(SolutionProperties) = preSolution
		HideSolutionNode = FALSE
	EndGlobalSection
	GlobalSection(ExtensibilityGlobals) = postSolution
		SolutionGuid = {D238FBA9-B0B8-47F0-AB11-40D047EBD285}
	EndGlobalSection
EndGlobal
