
Microsoft Visual Studio Solution File, Format Version 12.00
# Visual Studio Version 16
VisualStudioVersion = 16.0.30804.86
MinimumVisualStudioVersion = 10.0.40219.1
Project("{FAE04EC0-301F-11D3-BF4B-00C04F79EFBC}") = "ATHCh02Ex04_NumberOfChange", "ATHCh02Ex04_NumberOfChange\ATHCh02Ex04_NumberOfChange.csproj", "{3690D154-73C0-4FA3-8483-49EB33FDE890}"
EndProject
Global
	GlobalSection(SolutionConfigurationPlatforms) = preSolution
		Debug|Any CPU = Debug|Any CPU
		Release|Any CPU = Release|Any CPU
	EndGlobalSection
	GlobalSection(ProjectConfigurationPlatforms) = postSolution
		{3690D154-73C0-4FA3-8483-49EB33FDE890}.Debug|Any CPU.ActiveCfg = Debug|Any CPU
		{3690D154-73C0-4FA3-8483-49EB33FDE890}.Debug|Any CPU.Build.0 = Debug|Any CPU
		{3690D154-73C0-4FA3-8483-49EB33FDE890}.Release|Any CPU.ActiveCfg = Release|Any CPU
		{3690D154-73C0-4FA3-8483-49EB33FDE890}.Release|Any CPU.Build.0 = Release|Any CPU
	EndGlobalSection
	GlobalSection(SolutionProperties) = preSolution
		HideSolutionNode = FALSE
	EndGlobalSection
	GlobalSection(ExtensibilityGlobals) = postSolution
		SolutionGuid = {E9B5A63F-E4D4-490D-8286-7995AA43D556}
	EndGlobalSection
EndGlobal
