
Microsoft Visual Studio Solution File, Format Version 12.00
# Visual Studio Version 16
VisualStudioVersion = 16.0.30804.86
MinimumVisualStudioVersion = 10.0.40219.1
Project("{FAE04EC0-301F-11D3-BF4B-00C04F79EFBC}") = "ATHCh07Ex04_InputArray", "ATHCh07Ex04_InputArray\ATHCh07Ex04_InputArray.csproj", "{C6488F1C-E2AA-431D-BBB8-15FEE357E27B}"
EndProject
Global
	GlobalSection(SolutionConfigurationPlatforms) = preSolution
		Debug|Any CPU = Debug|Any CPU
		Release|Any CPU = Release|Any CPU
	EndGlobalSection
	GlobalSection(ProjectConfigurationPlatforms) = postSolution
		{C6488F1C-E2AA-431D-BBB8-15FEE357E27B}.Debug|Any CPU.ActiveCfg = Debug|Any CPU
		{C6488F1C-E2AA-431D-BBB8-15FEE357E27B}.Debug|Any CPU.Build.0 = Debug|Any CPU
		{C6488F1C-E2AA-431D-BBB8-15FEE357E27B}.Release|Any CPU.ActiveCfg = Release|Any CPU
		{C6488F1C-E2AA-431D-BBB8-15FEE357E27B}.Release|Any CPU.Build.0 = Release|Any CPU
	EndGlobalSection
	GlobalSection(SolutionProperties) = preSolution
		HideSolutionNode = FALSE
	EndGlobalSection
	GlobalSection(ExtensibilityGlobals) = postSolution
		SolutionGuid = {16F6C867-892F-4F8B-8717-33B3A1B682E7}
	EndGlobalSection
EndGlobal
