
Microsoft Visual Studio Solution File, Format Version 12.00
# Visual Studio Version 16
VisualStudioVersion = 16.0.30114.105
MinimumVisualStudioVersion = 10.0.40219.1
Project("{FAE04EC0-301F-11D3-BF4B-00C04F79EFBC}") = "ATHCh05Ex01_romanNum", "ATHCh05Ex01_romanNum\ATHCh05Ex01_romanNum.csproj", "{A3792479-501E-44F6-B56F-D35B42B017B4}"
EndProject
Global
	GlobalSection(SolutionConfigurationPlatforms) = preSolution
		Debug|Any CPU = Debug|Any CPU
		Release|Any CPU = Release|Any CPU
	EndGlobalSection
	GlobalSection(ProjectConfigurationPlatforms) = postSolution
		{A3792479-501E-44F6-B56F-D35B42B017B4}.Debug|Any CPU.ActiveCfg = Debug|Any CPU
		{A3792479-501E-44F6-B56F-D35B42B017B4}.Debug|Any CPU.Build.0 = Debug|Any CPU
		{A3792479-501E-44F6-B56F-D35B42B017B4}.Release|Any CPU.ActiveCfg = Release|Any CPU
		{A3792479-501E-44F6-B56F-D35B42B017B4}.Release|Any CPU.Build.0 = Release|Any CPU
	EndGlobalSection
	GlobalSection(SolutionProperties) = preSolution
		HideSolutionNode = FALSE
	EndGlobalSection
	GlobalSection(ExtensibilityGlobals) = postSolution
		SolutionGuid = {917D927B-CC87-437B-9770-88506B52FC07}
	EndGlobalSection
EndGlobal
