
Microsoft Visual Studio Solution File, Format Version 12.00
# Visual Studio Version 16
VisualStudioVersion = 16.0.30804.86
MinimumVisualStudioVersion = 10.0.40219.1
Project("{FAE04EC0-301F-11D3-BF4B-00C04F79EFBC}") = "ATHCh01Ex10_Initials", "ATHCh01Ex10_Initials\ATHCh01Ex10_Initials.csproj", "{C91003BF-5072-4B4E-98AD-025140AFE396}"
EndProject
Global
	GlobalSection(SolutionConfigurationPlatforms) = preSolution
		Debug|Any CPU = Debug|Any CPU
		Release|Any CPU = Release|Any CPU
	EndGlobalSection
	GlobalSection(ProjectConfigurationPlatforms) = postSolution
		{C91003BF-5072-4B4E-98AD-025140AFE396}.Debug|Any CPU.ActiveCfg = Debug|Any CPU
		{C91003BF-5072-4B4E-98AD-025140AFE396}.Debug|Any CPU.Build.0 = Debug|Any CPU
		{C91003BF-5072-4B4E-98AD-025140AFE396}.Release|Any CPU.ActiveCfg = Release|Any CPU
		{C91003BF-5072-4B4E-98AD-025140AFE396}.Release|Any CPU.Build.0 = Release|Any CPU
	EndGlobalSection
	GlobalSection(SolutionProperties) = preSolution
		HideSolutionNode = FALSE
	EndGlobalSection
	GlobalSection(ExtensibilityGlobals) = postSolution
		SolutionGuid = {17F6387F-C83F-4035-A364-6D4CB5A9DBA8}
	EndGlobalSection
EndGlobal
