
Microsoft Visual Studio Solution File, Format Version 12.00
# Visual Studio Version 16
VisualStudioVersion = 16.0.30114.105
MinimumVisualStudioVersion = 10.0.40219.1
Project("{FAE04EC0-301F-11D3-BF4B-00C04F79EFBC}") = "ATHCh05Ex06_ShapeArea", "ATHCh05Ex06_ShapeArea\ATHCh05Ex06_ShapeArea.csproj", "{77326F47-5DA7-4A1D-80E6-08783CA4396B}"
EndProject
Global
	GlobalSection(SolutionConfigurationPlatforms) = preSolution
		Debug|Any CPU = Debug|Any CPU
		Release|Any CPU = Release|Any CPU
	EndGlobalSection
	GlobalSection(ProjectConfigurationPlatforms) = postSolution
		{77326F47-5DA7-4A1D-80E6-08783CA4396B}.Debug|Any CPU.ActiveCfg = Debug|Any CPU
		{77326F47-5DA7-4A1D-80E6-08783CA4396B}.Debug|Any CPU.Build.0 = Debug|Any CPU
		{77326F47-5DA7-4A1D-80E6-08783CA4396B}.Release|Any CPU.ActiveCfg = Release|Any CPU
		{77326F47-5DA7-4A1D-80E6-08783CA4396B}.Release|Any CPU.Build.0 = Release|Any CPU
	EndGlobalSection
	GlobalSection(SolutionProperties) = preSolution
		HideSolutionNode = FALSE
	EndGlobalSection
	GlobalSection(ExtensibilityGlobals) = postSolution
		SolutionGuid = {BE9C5C87-99BC-475A-8BBF-E2B6FB492808}
	EndGlobalSection
EndGlobal
