
Microsoft Visual Studio Solution File, Format Version 12.00
# Visual Studio Version 16
VisualStudioVersion = 16.0.30114.105
MinimumVisualStudioVersion = 10.0.40219.1
Project("{FAE04EC0-301F-11D3-BF4B-00C04F79EFBC}") = "ATHCh07Ex03_ArrayParallel", "ATHCh07Ex03_ArrayParallel\ATHCh07Ex03_ArrayParallel.csproj", "{BE1F2E70-4E27-4BCF-877F-F1CC07C2F95A}"
EndProject
Global
	GlobalSection(SolutionConfigurationPlatforms) = preSolution
		Debug|Any CPU = Debug|Any CPU
		Release|Any CPU = Release|Any CPU
	EndGlobalSection
	GlobalSection(ProjectConfigurationPlatforms) = postSolution
		{BE1F2E70-4E27-4BCF-877F-F1CC07C2F95A}.Debug|Any CPU.ActiveCfg = Debug|Any CPU
		{BE1F2E70-4E27-4BCF-877F-F1CC07C2F95A}.Debug|Any CPU.Build.0 = Debug|Any CPU
		{BE1F2E70-4E27-4BCF-877F-F1CC07C2F95A}.Release|Any CPU.ActiveCfg = Release|Any CPU
		{BE1F2E70-4E27-4BCF-877F-F1CC07C2F95A}.Release|Any CPU.Build.0 = Release|Any CPU
	EndGlobalSection
	GlobalSection(SolutionProperties) = preSolution
		HideSolutionNode = FALSE
	EndGlobalSection
	GlobalSection(ExtensibilityGlobals) = postSolution
		SolutionGuid = {3610B7B3-B7AB-418E-890B-81E42E78ACF7}
	EndGlobalSection
EndGlobal
